# THIS IS AN AUTOGENERATED FILE. DO NOT EDIT THIS FILE DIRECTLY.
# yarn lockfile v1


tiny-cookie@^2.1.1:
  version "2.1.2"
  resolved "https://registry.yarnpkg.com/tiny-cookie/-/tiny-cookie-2.1.2.tgz#3c25689a07c76438f90209648c143976b0b52bef"

vue-cookie-law@^1.8.0:
  version "1.8.0"
  resolved "https://registry.yarnpkg.com/vue-cookie-law/-/vue-cookie-law-1.8.0.tgz#17e400708e41fabe47d65534cfe65f288f2ca20e"
  dependencies:
    tiny-cookie "^2.1.1"
